// !$*UTF8*$!
{
	archiveVersion = 1;
	classes = {
	};
	objectVersion = 50;
	objects = {

/* Begin PBXBuildFile section */
		78045EAD22482A3200F4C920 /* Images.xcassets in Resources */ = {isa = PBXBuildFile; fileRef = 78045EAC22482A3200F4C920 /* Images.xcassets */; };
		7870603F22451798001AE501 /* AppDelegate.swift in Sources */ = {isa = PBXBuildFile; fileRef = 7870603E22451798001AE501 /* AppDelegate.swift */; };
		787060492245179B001AE501 /* LaunchScreen.storyboard in Resources */ = {isa = PBXBuildFile; fileRef = 787060472245179B001AE501 /* LaunchScreen.storyboard */; };
		787060512245195E001AE501 /* SBViewController.swift in Sources */ = {isa = PBXBuildFile; fileRef = 787060502245195E001AE501 /* SBViewController.swift */; };
		7870605322452945001AE501 /* SBCustomCell.swift in Sources */ = {isa = PBXBuildFile; fileRef = 7870605222452945001AE501 /* SBCustomCell.swift */; };
		78706057224573BB001AE501 /* Photo.swift in Sources */ = {isa = PBXBuildFile; fileRef = 78706056224573BB001AE501 /* Photo.swift */; };
		7870605F22459099001AE501 /* SBCollectionViewLayout.swift in Sources */ = {isa = PBXBuildFile; fileRef = 7870605E22459099001AE501 /* SBCollectionViewLayout.swift */; };
/* End PBXBuildFile section */

/* Begin PBXFileReference section */
		78045EAC22482A3200F4C920 /* Images.xcassets */ = {isa = PBXFileReference; lastKnownFileType = folder.assetcatalog; path = Images.xcassets; sourceTree = "<group>"; };
		7870603B22451798001AE501 /* SBCollectionView.app */ = {isa = PBXFileReference; explicitFileType = wrapper.application; includeInIndex = 0; path = SBCollectionView.app; sourceTree = BUILT_PRODUCTS_DIR; };
		7870603E22451798001AE501 /* AppDelegate.swift */ = {isa = PBXFileReference; lastKnownFileType = sourcecode.swift; path = AppDelegate.swift; sourceTree = "<group>"; };
		787060482245179B001AE501 /* Base */ = {isa = PBXFileReference; lastKnownFileType = file.storyboard; name = Base; path = Base.lproj/LaunchScreen.storyboard; sourceTree = "<group>"; };
		7870604A2245179B001AE501 /* Info.plist */ = {isa = PBXFileReference; lastKnownFileType = text.plist.xml; path = Info.plist; sourceTree = "<group>"; };
		787060502245195E001AE501 /* SBViewController.swift */ = {isa = PBXFileReference; lastKnownFileType = sourcecode.swift; path = SBViewController.swift; sourceTree = "<group>"; };
		7870605222452945001AE501 /* SBCustomCell.swift */ = {isa = PBXFileReference; lastKnownFileType = sourcecode.swift; path = SBCustomCell.swift; sourceTree = "<group>"; };
		78706056224573BB001AE501 /* Photo.swift */ = {isa = PBXFileReference; lastKnownFileType = sourcecode.swift; path = Photo.swift; sourceTree = "<group>"; };
		7870605E22459099001AE501 /* SBCollectionViewLayout.swift */ = {isa = PBXFileReference; lastKnownFileType = sourcecode.swift; path = SBCollectionViewLayout.swift; sourceTree = "<group>"; };
/* End PBXFileReference section */

/* Begin PBXFrameworksBuildPhase section */
		7870603822451798001AE501 /* Frameworks */ = {
			isa = PBXFrameworksBuildPhase;
			buildActionMask = 2147483647;
			files = (
			);
			runOnlyForDeploymentPostprocessing = 0;
		};
/* End PBXFrameworksBuildPhase section */

/* Begin PBXGroup section */
		7870603222451798001AE501 = {
			isa = PBXGroup;
			children = (
				78045EAC22482A3200F4C920 /* Images.xcassets */,
				7870603D22451798001AE501 /* SBCollectionView */,
				7870603C22451798001AE501 /* Products */,
			);
			sourceTree = "<group>";
		};
		7870603C22451798001AE501 /* Products */ = {
			isa = PBXGroup;
			children = (
				7870603B22451798001AE501 /* SBCollectionView.app */,
			);
			name = Products;
			sourceTree = "<group>";
		};
		7870603D22451798001AE501 /* SBCollectionView */ = {
			isa = PBXGroup;
			children = (
				7870603E22451798001AE501 /* AppDelegate.swift */,
				787060502245195E001AE501 /* SBViewController.swift */,
				7870605222452945001AE501 /* SBCustomCell.swift */,
				78706056224573BB001AE501 /* Photo.swift */,
				7870605E22459099001AE501 /* SBCollectionViewLayout.swift */,
				7870604A2245179B001AE501 /* Info.plist */,
				787060472245179B001AE501 /* LaunchScreen.storyboard */,
			);
			path = SBCollectionView;
			sourceTree = "<group>";
		};
/* End PBXGroup section */

/* Begin PBXNativeTarget section */
		7870603A22451798001AE501 /* SBCollectionView */ = {
			isa = PBXNativeTarget;
			buildConfigurationList = 7870604D2245179B001AE501 /* Build configuration list for PBXNativeTarget "SBCollectionView" */;
			buildPhases = (
				7870603722451798001AE501 /* Sources */,
				7870603822451798001AE501 /* Frameworks */,
				7870603922451798001AE501 /* Resources */,
			);
			buildRules = (
			);
			dependencies = (
			);
			name = SBCollectionView;
			productName = SBCollectionView;
			productReference = 7870603B22451798001AE501 /* SBCollectionView.app */;
			productType = "com.apple.product-type.application";
		};
/* End PBXNativeTarget section */

/* Begin PBXProject section */
		7870603322451798001AE501 /* Project object */ = {
			isa = PBXProject;
			attributes = {
				LastSwiftUpdateCheck = 1010;
				LastUpgradeCheck = 1010;
				ORGANIZATIONNAME = Igor;
				TargetAttributes = {
					7870603A22451798001AE501 = {
						CreatedOnToolsVersion = 10.1;
					};
				};
			};
			buildConfigurationList = 7870603622451798001AE501 /* Build configuration list for PBXProject "SBCollectionView" */;
			compatibilityVersion = "Xcode 9.3";
			developmentRegion = en;
			hasScannedForEncodings = 0;
			knownRegions = (
				en,
				Base,
			);
			mainGroup = 7870603222451798001AE501;
			productRefGroup = 7870603C22451798001AE501 /* Products */;
			projectDirPath = "";
			projectRoot = "";
			targets = (
				7870603A22451798001AE501 /* SBCollectionView */,
			);
		};
/* End PBXProject section */

/* Begin PBXResourcesBuildPhase section */
		7870603922451798001AE501 /* Resources */ = {
			isa = PBXResourcesBuildPhase;
			buildActionMask = 2147483647;
			files = (
				78045EAD22482A3200F4C920 /* Images.xcassets in Resources */,
				787060492245179B001AE501 /* LaunchScreen.storyboard in Resources */,
			);
			runOnlyForDeploymentPostprocessing = 0;
		};
/* End PBXResourcesBuildPhase section */

/* Begin PBXSourcesBuildPhase section */
		7870603722451798001AE501 /* Sources */ = {
			isa = PBXSourcesBuildPhase;
			buildActionMask = 2147483647;
			files = (
				7870603F22451798001AE501 /* AppDelegate.swift in Sources */,
				7870605F22459099001AE501 /* SBCollectionViewLayout.swift in Sources */,
				7870605322452945001AE501 /* SBCustomCell.swift in Sources */,
				787060512245195E001AE501 /* SBViewController.swift in Sources */,
				78706057224573BB001AE501 /* Photo.swift in Sources */,
			);
			runOnlyForDeploymentPostprocessing = 0;
		};
/* End PBXSourcesBuildPhase section */

/* Begin PBXVariantGroup section */
		787060472245179B001AE501 /* LaunchScreen.storyboard */ = {
			isa = PBXVariantGroup;
			children = (
				787060482245179B001AE501 /* Base */,
			);
			name = LaunchScreen.storyboard;
			sourceTree = "<group>";
		};
/* End PBXVariantGroup section */

/* Begin XCBuildConfiguration section */
		7870604B2245179B001AE501 /* Debug */ = {
			isa = XCBuildConfiguration;
			buildSettings = {
				ALWAYS_SEARCH_USER_PATHS = NO;
				CLANG_ANALYZER_NONNULL = YES;
				CLANG_ANALYZER_NUMBER_OBJECT_CONVERSION = YES_AGGRESSIVE;
				CLANG_CXX_LANGUAGE_STANDARD = "gnu++14";
				CLANG_CXX_LIBRARY = "libc++";
				CLANG_ENABLE_MODULES = YES;
				CLANG_ENABLE_OBJC_ARC = YES;
				CLANG_ENABLE_OBJC_WEAK = YES;
				CLANG_WARN_BLOCK_CAPTURE_AUTORELEASING = YES;
				CLANG_WARN_BOOL_CONVERSION = YES;
				CLANG_WARN_COMMA = YES;
				CLANG_WARN_CONSTANT_CONVERSION = YES;
				CLANG_WARN_DEPRECATED_OBJC_IMPLEMENTATIONS = YES;
				CLANG_WARN_DIRECT_OBJC_ISA_USAGE = YES_ERROR;
				CLANG_WARN_DOCUMENTATION_COMMENTS = YES;
				CLANG_WARN_EMPTY_BODY = YES;
				CLANG_WARN_ENUM_CONVERSION = YES;
				CLANG_WARN_INFINITE_RECURSION = YES;
				CLANG_WARN_INT_CONVERSION = YES;
				CLANG_WARN_NON_LITERAL_NULL_CONVERSION = YES;
				CLANG_WARN_OBJC_IMPLICIT_RETAIN_SELF = YES;
				CLANG_WARN_OBJC_LITERAL_CONVERSION = YES;
				CLANG_WARN_OBJC_ROOT_CLASS = YES_ERROR;
				CLANG_WARN_RANGE_LOOP_ANALYSIS = YES;
				CLANG_WARN_STRICT_PROTOTYPES = YES;
				CLANG_WARN_SUSPICIOUS_MOVE = YES;
				CLANG_WARN_UNGUARDED_AVAILABILITY = YES_AGGRESSIVE;
				CLANG_WARN_UNREACHABLE_CODE = YES;
				CLANG_WARN__DUPLICATE_METHOD_MATCH = YES;
				CODE_SIGN_IDENTITY = "iPhone Developer";
				COPY_PHASE_STRIP = NO;
				DEBUG_INFORMATION_FORMAT = dwarf;
				ENABLE_STRICT_OBJC_MSGSEND = YES;
				ENABLE_TESTABILITY = YES;
				GCC_C_LANGUAGE_STANDARD = gnu11;
				GCC_DYNAMIC_NO_PIC = NO;
				GCC_NO_COMMON_BLOCKS = YES;
				GCC_OPTIMIZATION_LEVEL = 0;
				GCC_PREPROCESSOR_DEFINITIONS = (
					"DEBUG=1",
					"$(inherited)",
				);
				GCC_WARN_64_TO_32_BIT_CONVERSION = YES;
				GCC_WARN_ABOUT_RETURN_TYPE = YES_ERROR;
				GCC_WARN_UNDECLARED_SELECTOR = YES;
				GCC_WARN_UNINITIALIZED_AUTOS = YES_AGGRESSIVE;
				GCC_WARN_UNUSED_FUNCTION = YES;
				GCC_WARN_UNUSED_VARIABLE = YES;
				IPHONEOS_DEPLOYMENT_TARGET = 12.1;
				MTL_ENABLE_DEBUG_INFO = INCLUDE_SOURCE;
				MTL_FAST_MATH = YES;
				ONLY_ACTIVE_ARCH = YES;
				SDKROOT = iphoneos;
				SWIFT_ACTIVE_COMPILATION_CONDITIONS = DEBUG;
				SWIFT_OPTIMIZATION_LEVEL = "-Onone";
			};
			name = Debug;
		};
		7870604C2245179B001AE501 /* Release */ = {
			isa = XCBuildConfiguration;
			buildSettings = {
				ALWAYS_SEARCH_USER_PATHS = NO;
				CLANG_ANALYZER_NONNULL = YES;
				CLANG_ANALYZER_NUMBER_OBJECT_CONVERSION = YES_AGGRESSIVE;
				CLANG_CXX_LANGUAGE_STANDARD = "gnu++14";
				CLANG_CXX_LIBRARY = "libc++";
				CLANG_ENABLE_MODULES = YES;
				CLANG_ENABLE_OBJC_ARC = YES;
				CLANG_ENABLE_OBJC_WEAK = YES;
				CLANG_WARN_BLOCK_CAPTURE_AUTORELEASING = YES;
				CLANG_WARN_BOOL_CONVERSION = YES;
				CLANG_WARN_COMMA = YES;
				CLANG_WARN_CONSTANT_CONVERSION = YES;
				CLANG_WARN_DEPRECATED_OBJC_IMPLEMENTATIONS = YES;
				CLANG_WARN_DIRECT_OBJC_ISA_USAGE = YES_ERROR;
				CLANG_WARN_DOCUMENTATION_COMMENTS = YES;
				CLANG_WARN_EMPTY_BODY = YES;
				CLANG_WARN_ENUM_CONVERSION = YES;
				CLANG_WARN_INFINITE_RECURSION = YES;
				CLANG_WARN_INT_CONVERSION = YES;
				CLANG_WARN_NON_LITERAL_NULL_CONVERSION = YES;
				CLANG_WARN_OBJC_IMPLICIT_RETAIN_SELF = YES;
				CLANG_WARN_OBJC_LITERAL_CONVERSION = YES;
				CLANG_WARN_OBJC_ROOT_CLASS = YES_ERROR;
				CLANG_WARN_RANGE_LOOP_ANALYSIS = YES;
				CLANG_WARN_STRICT_PROTOTYPES = YES;
				CLANG_WARN_SUSPICIOUS_MOVE = YES;
				CLANG_WARN_UNGUARDED_AVAILABILITY = YES_AGGRESSIVE;
				CLANG_WARN_UNREACHABLE_CODE = YES;
				CLANG_WARN__DUPLICATE_METHOD_MATCH = YES;
				CODE_SIGN_IDENTITY = "iPhone Developer";
				COPY_PHASE_STRIP = NO;
				DEBUG_INFORMATION_FORMAT = "dwarf-with-dsym";
				ENABLE_NS_ASSERTIONS = NO;
				ENABLE_STRICT_OBJC_MSGSEND = YES;
				GCC_C_LANGUAGE_STANDARD = gnu11;
				GCC_NO_COMMON_BLOCKS = YES;
				GCC_WARN_64_TO_32_BIT_CONVERSION = YES;
				GCC_WARN_ABOUT_RETURN_TYPE = YES_ERROR;
				GCC_WARN_UNDECLARED_SELECTOR = YES;
				GCC_WARN_UNINITIALIZED_AUTOS = YES_AGGRESSIVE;
				GCC_WARN_UNUSED_FUNCTION = YES;
				GCC_WARN_UNUSED_VARIABLE = YES;
				IPHONEOS_DEPLOYMENT_TARGET = 12.1;
				MTL_ENABLE_DEBUG_INFO = NO;
				MTL_FAST_MATH = YES;
				SDKROOT = iphoneos;
				SWIFT_COMPILATION_MODE = wholemodule;
				SWIFT_OPTIMIZATION_LEVEL = "-O";
				VALIDATE_PRODUCT = YES;
			};
			name = Release;
		};
		7870604E2245179B001AE501 /* Debug */ = {
			isa = XCBuildConfiguration;
			buildSettings = {
				ASSETCATALOG_COMPILER_APPICON_NAME = AppIcon;
				CODE_SIGN_STYLE = Automatic;
				INFOPLIST_FILE = SBCollectionView/Info.plist;
				LD_RUNPATH_SEARCH_PATHS = (
					"$(inherited)",
					"@executable_path/Frameworks",
				);
				PRODUCT_BUNDLE_IDENTIFIER = iukarpov.SBCollectionView;
				PRODUCT_NAME = "$(TARGET_NAME)";
				SWIFT_VERSION = 4.2;
				TARGETED_DEVICE_FAMILY = "1,2";
			};
			name = Debug;
		};
		7870604F2245179B001AE501 /* Release */ = {
			isa = XCBuildConfiguration;
			buildSettings = {
				ASSETCATALOG_COMPILER_APPICON_NAME = AppIcon;
				CODE_SIGN_STYLE = Automatic;
				INFOPLIST_FILE = SBCollectionView/Info.plist;
				LD_RUNPATH_SEARCH_PATHS = (
					"$(inherited)",
					"@executable_path/Frameworks",
				);
				PRODUCT_BUNDLE_IDENTIFIER = iukarpov.SBCollectionView;
				PRODUCT_NAME = "$(TARGET_NAME)";
				SWIFT_VERSION = 4.2;
				TARGETED_DEVICE_FAMILY = "1,2";
			};
			name = Release;
		};
/* End XCBuildConfiguration section */

/* Begin XCConfigurationList section */
		7870603622451798001AE501 /* Build configuration list for PBXProject "SBCollectionView" */ = {
			isa = XCConfigurationList;
			buildConfigurations = (
				7870604B2245179B001AE501 /* Debug */,
				7870604C2245179B001AE501 /* Release */,
			);
			defaultConfigurationIsVisible = 0;
			defaultConfigurationName = Release;
		};
		7870604D2245179B001AE501 /* Build configuration list for PBXNativeTarget "SBCollectionView" */ = {
			isa = XCConfigurationList;
			buildConfigurations = (
				7870604E2245179B001AE501 /* Debug */,
				7870604F2245179B001AE501 /* Release */,
			);
			defaultConfigurationIsVisible = 0;
			defaultConfigurationName = Release;
		};
/* End XCConfigurationList section */
	};
	rootObject = 7870603322451798001AE501 /* Project object */;
}
